{
  "version": 4,
  "terraform_version": "1.2.9",
  "serial": 2,
  "lineage": "0ebecbb9-91a5-0799-4ef7-68aaf8b4e342",
  "outputs": {
    "github-html-url": {
      "value": "https://github.com/rajat2849/First-repo-from-terraform",
      "type": "string"
    }
  },
  "resources": [
    {
      "mode": "managed",
      "type": "github_repository",
      "name": "Terraform-first-repo",
      "provider": "provider[\"registry.terraform.io/hashicorp/github\"]",
      "instances": [
        {
          "schema_version": 0,
          "attributes": {
            "allow_auto_merge": false,
            "allow_merge_commit": true,
            "allow_rebase_merge": true,
            "allow_squash_merge": true,
            "archive_on_destroy": null,
            "archived": false,
            "auto_init": true,
            "default_branch": "master",
            "delete_branch_on_merge": false,
            "description": "My first resouce made",
            "etag": "W/\"bcc15ad44efd835051eea435605502515a03d9580394d9576e764c7f44aad82d\"",
            "full_name": "rajat2849/First-repo-from-terraform",
            "git_clone_url": "git://github.com/rajat2849/First-repo-from-terraform.git",
            "gitignore_template": null,
            "has_downloads": false,
            "has_issues": false,
            "has_projects": false,
            "has_wiki": false,
            "homepage_url": "",
            "html_url": "https://github.com/rajat2849/First-repo-from-terraform",
            "http_clone_url": "https://github.com/rajat2849/First-repo-from-terraform.git",
            "id": "First-repo-from-terraform",
            "ignore_vulnerability_alerts_during_read": null,
            "is_template": false,
            "license_template": null,
            "merge_commit_message": "PR_TITLE",
            "merge_commit_title": "MERGE_MESSAGE",
            "name": "First-repo-from-terraform",
            "node_id": "R_kgDOIC7evw",
            "pages": [],
            "private": false,
            "repo_id": 539942591,
            "squash_merge_commit_message": "COMMIT_MESSAGES",
            "squash_merge_commit_title": "COMMIT_OR_PR_TITLE",
            "ssh_clone_url": "git@github.com:rajat2849/First-repo-from-terraform.git",
            "svn_url": "https://github.com/rajat2849/First-repo-from-terraform",
            "template": [],
            "topics": null,
            "visibility": "public",
            "vulnerability_alerts": false
          },
          "sensitive_attributes": [],
          "private": "bnVsbA=="
        }
      ]
    }
  ]
}
